
Microsoft Visual Studio Solution File, Format Version 12.00
# Visual Studio Version 16
VisualStudioVersion = 16.0.30114.105
MinimumVisualStudioVersion = 10.0.40219.1
Project("{FAE04EC0-301F-11D3-BF4B-00C04F79EFBC}") = "TP8", "TP8\TP8.csproj", "{86CD63A9-4454-4A2E-848E-860BB051BBCA}"
EndProject
Project("{FAE04EC0-301F-11D3-BF4B-00C04F79EFBC}") = "ClasesTP8", "ClasesTP8\ClasesTP8.csproj", "{66CA11D6-1F5E-4653-8BE2-EB9D45EA0BB8}"
EndProject
Global
	GlobalSection(SolutionConfigurationPlatforms) = preSolution
		Debug|Any CPU = Debug|Any CPU
		Release|Any CPU = Release|Any CPU
	EndGlobalSection
	GlobalSection(ProjectConfigurationPlatforms) = postSolution
		{86CD63A9-4454-4A2E-848E-860BB051BBCA}.Debug|Any CPU.ActiveCfg = Debug|Any CPU
		{86CD63A9-4454-4A2E-848E-860BB051BBCA}.Debug|Any CPU.Build.0 = Debug|Any CPU
		{86CD63A9-4454-4A2E-848E-860BB051BBCA}.Release|Any CPU.ActiveCfg = Release|Any CPU
		{86CD63A9-4454-4A2E-848E-860BB051BBCA}.Release|Any CPU.Build.0 = Release|Any CPU
		{66CA11D6-1F5E-4653-8BE2-EB9D45EA0BB8}.Debug|Any CPU.ActiveCfg = Debug|Any CPU
		{66CA11D6-1F5E-4653-8BE2-EB9D45EA0BB8}.Debug|Any CPU.Build.0 = Debug|Any CPU
		{66CA11D6-1F5E-4653-8BE2-EB9D45EA0BB8}.Release|Any CPU.ActiveCfg = Release|Any CPU
		{66CA11D6-1F5E-4653-8BE2-EB9D45EA0BB8}.Release|Any CPU.Build.0 = Release|Any CPU
	EndGlobalSection
	GlobalSection(SolutionProperties) = preSolution
		HideSolutionNode = FALSE
	EndGlobalSection
	GlobalSection(ExtensibilityGlobals) = postSolution
		SolutionGuid = {8DDFEBC1-48A0-423E-A11D-0F05493A5E59}
	EndGlobalSection
EndGlobal
